
Microsoft Visual Studio Solution File, Format Version 12.00
# Visual Studio Version 17
VisualStudioVersion = 17.5.002.0
MinimumVisualStudioVersion = 10.0.40219.1
Project("{2150E333-8FDC-42A3-9474-1A3956D46DE8}") = "csharp-prep", "csharp-prep", "{9209246C-60B5-499E-A319-5BF078457742}"
EndProject
Project("{9A19103F-16F7-4668-BE54-9A1E7A4F7556}") = "Prep1", "csharp-prep\Prep1\Prep1.csproj", "{481D1307-D733-4AA9-9824-E07206A6D524}"
EndProject
Project("{9A19103F-16F7-4668-BE54-9A1E7A4F7556}") = "Prep2", "csharp-prep\Prep2\Prep2.csproj", "{E0500374-3965-4281-9BD9-349DA78C3B04}"
EndProject
Project("{9A19103F-16F7-4668-BE54-9A1E7A4F7556}") = "Prep3", "csharp-prep\Prep3\Prep3.csproj", "{AE7A123E-6F65-470E-A513-A4E85C062EDC}"
EndProject
Project("{9A19103F-16F7-4668-BE54-9A1E7A4F7556}") = "Prep4", "csharp-prep\Prep4\Prep4.csproj", "{5D2EAB22-7179-4261-AA41-31448B841912}"
EndProject
Project("{9A19103F-16F7-4668-BE54-9A1E7A4F7556}") = "Prep5", "csharp-prep\Prep5\Prep5.csproj", "{08715DA9-D39D-4ADE-B507-26943FA70620}"
EndProject
Project("{2150E333-8FDC-42A3-9474-1A3956D46DE8}") = "final", "final", "{70B1F0C7-3FDB-4D1B-8553-73A1078A8492}"
EndProject
Project("{9A19103F-16F7-4668-BE54-9A1E7A4F7556}") = "FinalProject", "final\FinalProject\FinalProject.csproj", "{F0EA878D-A2DC-4DCE-A6B9-290A3A02CA66}"
EndProject
Project("{9A19103F-16F7-4668-BE54-9A1E7A4F7556}") = "Foundation1", "final\Foundation1\Foundation1.csproj", "{7BC01D53-9752-4571-B9F0-7C90808EF63B}"
EndProject
Project("{9A19103F-16F7-4668-BE54-9A1E7A4F7556}") = "Foundation2", "final\Foundation2\Foundation2.csproj", "{3490AD57-79B0-4476-B8DC-CAC28B5C7195}"
EndProject
Project("{9A19103F-16F7-4668-BE54-9A1E7A4F7556}") = "Foundation3", "final\Foundation3\Foundation3.csproj", "{04E9DFE7-27E7-40B7-A75A-93FC7B3C85DA}"
EndProject
Project("{9A19103F-16F7-4668-BE54-9A1E7A4F7556}") = "Foundation4", "final\Foundation4\Foundation4.csproj", "{BE96DB27-CC08-417A-B03B-FF88FD40E439}"
EndProject
Project("{2150E333-8FDC-42A3-9474-1A3956D46DE8}") = "prepare", "prepare", "{733713DC-E657-44BE-B019-8C9473E9FB8B}"
EndProject
Project("{9A19103F-16F7-4668-BE54-9A1E7A4F7556}") = "Learning02", "prepare\Learning02\Learning02.csproj", "{F6E8FC63-D496-4C33-8B0E-876C99A528BA}"
EndProject
Project("{9A19103F-16F7-4668-BE54-9A1E7A4F7556}") = "Learning03", "prepare\Learning03\Learning03.csproj", "{C0F05CFF-4FAE-4186-B732-2BE0741750B3}"
EndProject
Project("{9A19103F-16F7-4668-BE54-9A1E7A4F7556}") = "Learning04", "prepare\Learning04\Learning04.csproj", "{2E5B0FE2-BDAB-4476-902B-5F70749AD4EF}"
EndProject
Project("{9A19103F-16F7-4668-BE54-9A1E7A4F7556}") = "Learning05", "prepare\Learning05\Learning05.csproj", "{77EC5E5B-C3B0-4183-B5B6-54F9E288326B}"
EndProject
Project("{2150E333-8FDC-42A3-9474-1A3956D46DE8}") = "prove", "prove", "{B059EE56-7A93-47D5-B8A2-B7FCD3FDB43E}"
EndProject
Project("{9A19103F-16F7-4668-BE54-9A1E7A4F7556}") = "Develop02", "prove\Develop02\Develop02.csproj", "{8DC51C18-0B33-4D99-B532-27F123D00CC6}"
EndProject
Project("{9A19103F-16F7-4668-BE54-9A1E7A4F7556}") = "Develop03", "prove\Develop03\Develop03.csproj", "{5433989E-9150-4D40-882F-9AAC6651AA07}"
EndProject
Project("{9A19103F-16F7-4668-BE54-9A1E7A4F7556}") = "Develop04", "prove\Develop04\Develop04.csproj", "{C389B994-051D-4CE9-837C-382FF0F5A0D0}"
EndProject
Project("{9A19103F-16F7-4668-BE54-9A1E7A4F7556}") = "Develop05", "prove\Develop05\Develop05.csproj", "{605393AA-2CCF-4510-A245-EBC7B34A0F76}"
EndProject
Project("{2150E333-8FDC-42A3-9474-1A3956D46DE8}") = "sandbox", "sandbox", "{BA979920-D51F-4758-8929-8813DF3F8AB2}"
EndProject
Project("{9A19103F-16F7-4668-BE54-9A1E7A4F7556}") = "Sandbox", "sandbox\Sandbox\Sandbox.csproj", "{453A91D6-C454-4FA0-BA26-E79AD80E9395}"
EndProject
Global
	GlobalSection(SolutionConfigurationPlatforms) = preSolution
		Debug|Any CPU = Debug|Any CPU
		Release|Any CPU = Release|Any CPU
	EndGlobalSection
	GlobalSection(ProjectConfigurationPlatforms) = postSolution
		{481D1307-D733-4AA9-9824-E07206A6D524}.Debug|Any CPU.ActiveCfg = Debug|Any CPU
		{481D1307-D733-4AA9-9824-E07206A6D524}.Debug|Any CPU.Build.0 = Debug|Any CPU
		{481D1307-D733-4AA9-9824-E07206A6D524}.Release|Any CPU.ActiveCfg = Release|Any CPU
		{481D1307-D733-4AA9-9824-E07206A6D524}.Release|Any CPU.Build.0 = Release|Any CPU
		{E0500374-3965-4281-9BD9-349DA78C3B04}.Debug|Any CPU.ActiveCfg = Debug|Any CPU
		{E0500374-3965-4281-9BD9-349DA78C3B04}.Debug|Any CPU.Build.0 = Debug|Any CPU
		{E0500374-3965-4281-9BD9-349DA78C3B04}.Release|Any CPU.ActiveCfg = Release|Any CPU
		{E0500374-3965-4281-9BD9-349DA78C3B04}.Release|Any CPU.Build.0 = Release|Any CPU
		{AE7A123E-6F65-470E-A513-A4E85C062EDC}.Debug|Any CPU.ActiveCfg = Debug|Any CPU
		{AE7A123E-6F65-470E-A513-A4E85C062EDC}.Debug|Any CPU.Build.0 = Debug|Any CPU
		{AE7A123E-6F65-470E-A513-A4E85C062EDC}.Release|Any CPU.ActiveCfg = Release|Any CPU
		{AE7A123E-6F65-470E-A513-A4E85C062EDC}.Release|Any CPU.Build.0 = Release|Any CPU
		{5D2EAB22-7179-4261-AA41-31448B841912}.Debug|Any CPU.ActiveCfg = Debug|Any CPU
		{5D2EAB22-7179-4261-AA41-31448B841912}.Debug|Any CPU.Build.0 = Debug|Any CPU
		{5D2EAB22-7179-4261-AA41-31448B841912}.Release|Any CPU.ActiveCfg = Release|Any CPU
		{5D2EAB22-7179-4261-AA41-31448B841912}.Release|Any CPU.Build.0 = Release|Any CPU
		{08715DA9-D39D-4ADE-B507-26943FA70620}.Debug|Any CPU.ActiveCfg = Debug|Any CPU
		{08715DA9-D39D-4ADE-B507-26943FA70620}.Debug|Any CPU.Build.0 = Debug|Any CPU
		{08715DA9-D39D-4ADE-B507-26943FA70620}.Release|Any CPU.ActiveCfg = Release|Any CPU
		{08715DA9-D39D-4ADE-B507-26943FA70620}.Release|Any CPU.Build.0 = Release|Any CPU
		{F0EA878D-A2DC-4DCE-A6B9-290A3A02CA66}.Debug|Any CPU.ActiveCfg = Debug|Any CPU
		{F0EA878D-A2DC-4DCE-A6B9-290A3A02CA66}.Debug|Any CPU.Build.0 = Debug|Any CPU
		{F0EA878D-A2DC-4DCE-A6B9-290A3A02CA66}.Release|Any CPU.ActiveCfg = Release|Any CPU
		{F0EA878D-A2DC-4DCE-A6B9-290A3A02CA66}.Release|Any CPU.Build.0 = Release|Any CPU
		{7BC01D53-9752-4571-B9F0-7C90808EF63B}.Debug|Any CPU.ActiveCfg = Debug|Any CPU
		{7BC01D53-9752-4571-B9F0-7C90808EF63B}.Debug|Any CPU.Build.0 = Debug|Any CPU
		{7BC01D53-9752-4571-B9F0-7C90808EF63B}.Release|Any CPU.ActiveCfg = Release|Any CPU
		{7BC01D53-9752-4571-B9F0-7C90808EF63B}.Release|Any CPU.Build.0 = Release|Any CPU
		{3490AD57-79B0-4476-B8DC-CAC28B5C7195}.Debug|Any CPU.ActiveCfg = Debug|Any CPU
		{3490AD57-79B0-4476-B8DC-CAC28B5C7195}.Debug|Any CPU.Build.0 = Debug|Any CPU
		{3490AD57-79B0-4476-B8DC-CAC28B5C7195}.Release|Any CPU.ActiveCfg = Release|Any CPU
		{3490AD57-79B0-4476-B8DC-CAC28B5C7195}.Release|Any CPU.Build.0 = Release|Any CPU
		{04E9DFE7-27E7-40B7-A75A-93FC7B3C85DA}.Debug|Any CPU.ActiveCfg = Debug|Any CPU
		{04E9DFE7-27E7-40B7-A75A-93FC7B3C85DA}.Debug|Any CPU.Build.0 = Debug|Any CPU
		{04E9DFE7-27E7-40B7-A75A-93FC7B3C85DA}.Release|Any CPU.ActiveCfg = Release|Any CPU
		{04E9DFE7-27E7-40B7-A75A-93FC7B3C85DA}.Release|Any CPU.Build.0 = Release|Any CPU
		{BE96DB27-CC08-417A-B03B-FF88FD40E439}.Debug|Any CPU.ActiveCfg = Debug|Any CPU
		{BE96DB27-CC08-417A-B03B-FF88FD40E439}.Debug|Any CPU.Build.0 = Debug|Any CPU
		{BE96DB27-CC08-417A-B03B-FF88FD40E439}.Release|Any CPU.ActiveCfg = Release|Any CPU
		{BE96DB27-CC08-417A-B03B-FF88FD40E439}.Release|Any CPU.Build.0 = Release|Any CPU
		{F6E8FC63-D496-4C33-8B0E-876C99A528BA}.Debug|Any CPU.ActiveCfg = Debug|Any CPU
		{F6E8FC63-D496-4C33-8B0E-876C99A528BA}.Debug|Any CPU.Build.0 = Debug|Any CPU
		{F6E8FC63-D496-4C33-8B0E-876C99A528BA}.Release|Any CPU.ActiveCfg = Release|Any CPU
		{F6E8FC63-D496-4C33-8B0E-876C99A528BA}.Release|Any CPU.Build.0 = Release|Any CPU
		{C0F05CFF-4FAE-4186-B732-2BE0741750B3}.Debug|Any CPU.ActiveCfg = Debug|Any CPU
		{C0F05CFF-4FAE-4186-B732-2BE0741750B3}.Debug|Any CPU.Build.0 = Debug|Any CPU
		{C0F05CFF-4FAE-4186-B732-2BE0741750B3}.Release|Any CPU.ActiveCfg = Release|Any CPU
		{C0F05CFF-4FAE-4186-B732-2BE0741750B3}.Release|Any CPU.Build.0 = Release|Any CPU
		{2E5B0FE2-BDAB-4476-902B-5F70749AD4EF}.Debug|Any CPU.ActiveCfg = Debug|Any CPU
		{2E5B0FE2-BDAB-4476-902B-5F70749AD4EF}.Debug|Any CPU.Build.0 = Debug|Any CPU
		{2E5B0FE2-BDAB-4476-902B-5F70749AD4EF}.Release|Any CPU.ActiveCfg = Release|Any CPU
		{2E5B0FE2-BDAB-4476-902B-5F70749AD4EF}.Release|Any CPU.Build.0 = Release|Any CPU
		{77EC5E5B-C3B0-4183-B5B6-54F9E288326B}.Debug|Any CPU.ActiveCfg = Debug|Any CPU
		{77EC5E5B-C3B0-4183-B5B6-54F9E288326B}.Debug|Any CPU.Build.0 = Debug|Any CPU
		{77EC5E5B-C3B0-4183-B5B6-54F9E288326B}.Release|Any CPU.ActiveCfg = Release|Any CPU
		{77EC5E5B-C3B0-4183-B5B6-54F9E288326B}.Release|Any CPU.Build.0 = Release|Any CPU
		{8DC51C18-0B33-4D99-B532-27F123D00CC6}.Debug|Any CPU.ActiveCfg = Debug|Any CPU
		{8DC51C18-0B33-4D99-B532-27F123D00CC6}.Debug|Any CPU.Build.0 = Debug|Any CPU
		{8DC51C18-0B33-4D99-B532-27F123D00CC6}.Release|Any CPU.ActiveCfg = Release|Any CPU
		{8DC51C18-0B33-4D99-B532-27F123D00CC6}.Release|Any CPU.Build.0 = Release|Any CPU
		{5433989E-9150-4D40-882F-9AAC6651AA07}.Debug|Any CPU.ActiveCfg = Debug|Any CPU
		{5433989E-9150-4D40-882F-9AAC6651AA07}.Debug|Any CPU.Build.0 = Debug|Any CPU
		{5433989E-9150-4D40-882F-9AAC6651AA07}.Release|Any CPU.ActiveCfg = Release|Any CPU
		{5433989E-9150-4D40-882F-9AAC6651AA07}.Release|Any CPU.Build.0 = Release|Any CPU
		{C389B994-051D-4CE9-837C-382FF0F5A0D0}.Debug|Any CPU.ActiveCfg = Debug|Any CPU
		{C389B994-051D-4CE9-837C-382FF0F5A0D0}.Debug|Any CPU.Build.0 = Debug|Any CPU
		{C389B994-051D-4CE9-837C-382FF0F5A0D0}.Release|Any CPU.ActiveCfg = Release|Any CPU
		{C389B994-051D-4CE9-837C-382FF0F5A0D0}.Release|Any CPU.Build.0 = Release|Any CPU
		{605393AA-2CCF-4510-A245-EBC7B34A0F76}.Debug|Any CPU.ActiveCfg = Debug|Any CPU
		{605393AA-2CCF-4510-A245-EBC7B34A0F76}.Debug|Any CPU.Build.0 = Debug|Any CPU
		{605393AA-2CCF-4510-A245-EBC7B34A0F76}.Release|Any CPU.ActiveCfg = Release|Any CPU
		{605393AA-2CCF-4510-A245-EBC7B34A0F76}.Release|Any CPU.Build.0 = Release|Any CPU
		{453A91D6-C454-4FA0-BA26-E79AD80E9395}.Debug|Any CPU.ActiveCfg = Debug|Any CPU
		{453A91D6-C454-4FA0-BA26-E79AD80E9395}.Debug|Any CPU.Build.0 = Debug|Any CPU
		{453A91D6-C454-4FA0-BA26-E79AD80E9395}.Release|Any CPU.ActiveCfg = Release|Any CPU
		{453A91D6-C454-4FA0-BA26-E79AD80E9395}.Release|Any CPU.Build.0 = Release|Any CPU
	EndGlobalSection
	GlobalSection(SolutionProperties) = preSolution
		HideSolutionNode = FALSE
	EndGlobalSection
	GlobalSection(NestedProjects) = preSolution
		{481D1307-D733-4AA9-9824-E07206A6D524} = {9209246C-60B5-499E-A319-5BF078457742}
		{E0500374-3965-4281-9BD9-349DA78C3B04} = {9209246C-60B5-499E-A319-5BF078457742}
		{AE7A123E-6F65-470E-A513-A4E85C062EDC} = {9209246C-60B5-499E-A319-5BF078457742}
		{5D2EAB22-7179-4261-AA41-31448B841912} = {9209246C-60B5-499E-A319-5BF078457742}
		{08715DA9-D39D-4ADE-B507-26943FA70620} = {9209246C-60B5-499E-A319-5BF078457742}
		{F0EA878D-A2DC-4DCE-A6B9-290A3A02CA66} = {70B1F0C7-3FDB-4D1B-8553-73A1078A8492}
		{7BC01D53-9752-4571-B9F0-7C90808EF63B} = {70B1F0C7-3FDB-4D1B-8553-73A1078A8492}
		{3490AD57-79B0-4476-B8DC-CAC28B5C7195} = {70B1F0C7-3FDB-4D1B-8553-73A1078A8492}
		{04E9DFE7-27E7-40B7-A75A-93FC7B3C85DA} = {70B1F0C7-3FDB-4D1B-8553-73A1078A8492}
		{BE96DB27-CC08-417A-B03B-FF88FD40E439} = {70B1F0C7-3FDB-4D1B-8553-73A1078A8492}
		{F6E8FC63-D496-4C33-8B0E-876C99A528BA} = {733713DC-E657-44BE-B019-8C9473E9FB8B}
		{C0F05CFF-4FAE-4186-B732-2BE0741750B3} = {733713DC-E657-44BE-B019-8C9473E9FB8B}
		{2E5B0FE2-BDAB-4476-902B-5F70749AD4EF} = {733713DC-E657-44BE-B019-8C9473E9FB8B}
		{77EC5E5B-C3B0-4183-B5B6-54F9E288326B} = {733713DC-E657-44BE-B019-8C9473E9FB8B}
		{8DC51C18-0B33-4D99-B532-27F123D00CC6} = {B059EE56-7A93-47D5-B8A2-B7FCD3FDB43E}
		{5433989E-9150-4D40-882F-9AAC6651AA07} = {B059EE56-7A93-47D5-B8A2-B7FCD3FDB43E}
		{C389B994-051D-4CE9-837C-382FF0F5A0D0} = {B059EE56-7A93-47D5-B8A2-B7FCD3FDB43E}
		{605393AA-2CCF-4510-A245-EBC7B34A0F76} = {B059EE56-7A93-47D5-B8A2-B7FCD3FDB43E}
		{453A91D6-C454-4FA0-BA26-E79AD80E9395} = {BA979920-D51F-4758-8929-8813DF3F8AB2}
	EndGlobalSection
	GlobalSection(ExtensibilityGlobals) = postSolution
		SolutionGuid = {9A3FF350-AA06-4B94-892C-B0D9903366F7}
	EndGlobalSection
EndGlobal
